// !$*UTF8*$!
{
	archiveVersion = 1;
	classes = {
	};
	objectVersion = 55;
	objects = {

/* Begin PBXBuildFile section */
		09D275232825B4B800933F16 /* AppDelegate.swift in Sources */ = {isa = PBXBuildFile; fileRef = 09D275222825B4B800933F16 /* AppDelegate.swift */; };
		09D275252825B4B800933F16 /* SceneDelegate.swift in Sources */ = {isa = PBXBuildFile; fileRef = 09D275242825B4B800933F16 /* SceneDelegate.swift */; };
		09D2752C2825B4B800933F16 /* Assets.xcassets in Resources */ = {isa = PBXBuildFile; fileRef = 09D2752B2825B4B800933F16 /* Assets.xcassets */; };
		09D2752F2825B4B800933F16 /* LaunchScreen.storyboard in Resources */ = {isa = PBXBuildFile; fileRef = 09D2752D2825B4B800933F16 /* LaunchScreen.storyboard */; };
		09D2753B2825B5D700933F16 /* AuthenticationEvent.swift in Sources */ = {isa = PBXBuildFile; fileRef = 09D2753A2825B5D700933F16 /* AuthenticationEvent.swift */; };
		09D2753D2825B5DF00933F16 /* AuthenticationViewController.swift in Sources */ = {isa = PBXBuildFile; fileRef = 09D2753C2825B5DF00933F16 /* AuthenticationViewController.swift */; };
		09D2753F2825B5E500933F16 /* AuthenticationViewModel.swift in Sources */ = {isa = PBXBuildFile; fileRef = 09D2753E2825B5E500933F16 /* AuthenticationViewModel.swift */; };
		09D275412825B5ED00933F16 /* ForgotPasswordViewController.swift in Sources */ = {isa = PBXBuildFile; fileRef = 09D275402825B5ED00933F16 /* ForgotPasswordViewController.swift */; };
		09D275442825B62600933F16 /* BoardDetailViewController.swift in Sources */ = {isa = PBXBuildFile; fileRef = 09D275432825B62600933F16 /* BoardDetailViewController.swift */; };
		09D275462825B62D00933F16 /* BoardsViewController.swift in Sources */ = {isa = PBXBuildFile; fileRef = 09D275452825B62D00933F16 /* BoardsViewController.swift */; };
		09D2754A2825B65700933F16 /* ApplicationCoordinator.swift in Sources */ = {isa = PBXBuildFile; fileRef = 09D275492825B65700933F16 /* ApplicationCoordinator.swift */; };
		09D2754C2825B65D00933F16 /* ApplicationFlow.swift in Sources */ = {isa = PBXBuildFile; fileRef = 09D2754B2825B65D00933F16 /* ApplicationFlow.swift */; };
		09D2754F2825B68400933F16 /* AuthenticationCoordinator.swift in Sources */ = {isa = PBXBuildFile; fileRef = 09D2754E2825B68400933F16 /* AuthenticationCoordinator.swift */; };
		09D275512825B68B00933F16 /* AuthenticationFlow.swift in Sources */ = {isa = PBXBuildFile; fileRef = 09D275502825B68B00933F16 /* AuthenticationFlow.swift */; };
		09D275542825B6AB00933F16 /* BoardsCoordinator.swift in Sources */ = {isa = PBXBuildFile; fileRef = 09D275532825B6AB00933F16 /* BoardsCoordinator.swift */; };
		09D275562825B6B100933F16 /* BoardsFlow.swift in Sources */ = {isa = PBXBuildFile; fileRef = 09D275552825B6B100933F16 /* BoardsFlow.swift */; };
		09D275592825B6CE00933F16 /* TabBarCoordinator.swift in Sources */ = {isa = PBXBuildFile; fileRef = 09D275582825B6CE00933F16 /* TabBarCoordinator.swift */; };
		09D2755B2825B6DA00933F16 /* TabBarFlow.swift in Sources */ = {isa = PBXBuildFile; fileRef = 09D2755A2825B6DA00933F16 /* TabBarFlow.swift */; };
		09D2755E2825B6F200933F16 /* OnboardingCoordinator.swift in Sources */ = {isa = PBXBuildFile; fileRef = 09D2755D2825B6F200933F16 /* OnboardingCoordinator.swift */; };
		09D275602825B6F800933F16 /* OnboardingFlow.swift in Sources */ = {isa = PBXBuildFile; fileRef = 09D2755F2825B6F800933F16 /* OnboardingFlow.swift */; };
		09D275632825B71100933F16 /* TasksCoordinator.swift in Sources */ = {isa = PBXBuildFile; fileRef = 09D275622825B71100933F16 /* TasksCoordinator.swift */; };
		09D275652825B71700933F16 /* TasksFlow.swift in Sources */ = {isa = PBXBuildFile; fileRef = 09D275642825B71700933F16 /* TasksFlow.swift */; };
		09D275672825B72E00933F16 /* Coordinator.swift in Sources */ = {isa = PBXBuildFile; fileRef = 09D275662825B72E00933F16 /* Coordinator.swift */; };
		09D275692825B73400933F16 /* Flowable.swift in Sources */ = {isa = PBXBuildFile; fileRef = 09D275682825B73400933F16 /* Flowable.swift */; };
		09D2756B2825B73A00933F16 /* FlowFinisher.swift in Sources */ = {isa = PBXBuildFile; fileRef = 09D2756A2825B73A00933F16 /* FlowFinisher.swift */; };
		09D2756D2825B74000933F16 /* FlowStarter.swift in Sources */ = {isa = PBXBuildFile; fileRef = 09D2756C2825B74000933F16 /* FlowStarter.swift */; };
		09D2756F2825B74600933F16 /* RootProvider.swift in Sources */ = {isa = PBXBuildFile; fileRef = 09D2756E2825B74600933F16 /* RootProvider.swift */; };
		09D275722825B77A00933F16 /* ApplicationInjector.swift in Sources */ = {isa = PBXBuildFile; fileRef = 09D275712825B77A00933F16 /* ApplicationInjector.swift */; };
		09D275742825B78000933F16 /* AuthenticationInjector.swift in Sources */ = {isa = PBXBuildFile; fileRef = 09D275732825B78000933F16 /* AuthenticationInjector.swift */; };
		09D275762825B78600933F16 /* MainInjector.swift in Sources */ = {isa = PBXBuildFile; fileRef = 09D275752825B78600933F16 /* MainInjector.swift */; };
		09D275782825B78C00933F16 /* OnboardingInjector.swift in Sources */ = {isa = PBXBuildFile; fileRef = 09D275772825B78C00933F16 /* OnboardingInjector.swift */; };
		09D2757C2825B7C700933F16 /* AuthenticationAPI.swift in Sources */ = {isa = PBXBuildFile; fileRef = 09D2757B2825B7C700933F16 /* AuthenticationAPI.swift */; };
		09D2757F2825B7D900933F16 /* AuthenticationError.swift in Sources */ = {isa = PBXBuildFile; fileRef = 09D2757E2825B7D900933F16 /* AuthenticationError.swift */; };
		09D275832825B7FA00933F16 /* AccessTokenResponse.swift in Sources */ = {isa = PBXBuildFile; fileRef = 09D275822825B7FA00933F16 /* AccessTokenResponse.swift */; };
		09D275852825B80100933F16 /* ResetPasswordRequestModel.swift in Sources */ = {isa = PBXBuildFile; fileRef = 09D275842825B80100933F16 /* ResetPasswordRequestModel.swift */; };
		09D275872825B80700933F16 /* UserRequest.swift in Sources */ = {isa = PBXBuildFile; fileRef = 09D275862825B80700933F16 /* UserRequest.swift */; };
		09D275892825B80C00933F16 /* UserResponse.swift in Sources */ = {isa = PBXBuildFile; fileRef = 09D275882825B80C00933F16 /* UserResponse.swift */; };
		09D2758B2825B83400933F16 /* ServiceConstants.swift in Sources */ = {isa = PBXBuildFile; fileRef = 09D2758A2825B83400933F16 /* ServiceConstants.swift */; };
		09D2758E2825B84A00933F16 /* CreateNewUserRequest.swift in Sources */ = {isa = PBXBuildFile; fileRef = 09D2758D2825B84A00933F16 /* CreateNewUserRequest.swift */; };
		09D275902825B85000933F16 /* ForgotPasswordRequest.swift in Sources */ = {isa = PBXBuildFile; fileRef = 09D2758F2825B85000933F16 /* ForgotPasswordRequest.swift */; };
		09D275922825B85700933F16 /* GetUserByIdRequest.swift in Sources */ = {isa = PBXBuildFile; fileRef = 09D275912825B85700933F16 /* GetUserByIdRequest.swift */; };
		09D275942825B85D00933F16 /* ResetPasswordRequest.swift in Sources */ = {isa = PBXBuildFile; fileRef = 09D275932825B85D00933F16 /* ResetPasswordRequest.swift */; };
		09D275962825B86300933F16 /* SignInUserRequest.swift in Sources */ = {isa = PBXBuildFile; fileRef = 09D275952825B86300933F16 /* SignInUserRequest.swift */; };
		09D275992825B89700933F16 /* AuthenticationManager.swift in Sources */ = {isa = PBXBuildFile; fileRef = 09D275982825B89700933F16 /* AuthenticationManager.swift */; };
		09D2759B2825B8A900933F16 /* ManuscriptEnvironment.swift in Sources */ = {isa = PBXBuildFile; fileRef = 09D2759A2825B8A900933F16 /* ManuscriptEnvironment.swift */; };
		09D2759E2825B8BD00933F16 /* OnboardingViewController.swift in Sources */ = {isa = PBXBuildFile; fileRef = 09D2759D2825B8BD00933F16 /* OnboardingViewController.swift */; };
		09D275A02825B8C300933F16 /* OnboardingViewModel.swift in Sources */ = {isa = PBXBuildFile; fileRef = 09D2759F2825B8C300933F16 /* OnboardingViewModel.swift */; };
		09D275A22825B8C900933F16 /* PermissionsViewController.swift in Sources */ = {isa = PBXBuildFile; fileRef = 09D275A12825B8C900933F16 /* PermissionsViewController.swift */; };
		09D275A52825B8F400933F16 /* Defaults.swift in Sources */ = {isa = PBXBuildFile; fileRef = 09D275A42825B8F400933F16 /* Defaults.swift */; };
		09D275A82825B90900933F16 /* TasksViewController.swift in Sources */ = {isa = PBXBuildFile; fileRef = 09D275A72825B90900933F16 /* TasksViewController.swift */; };
		09D275AB2825B91F00933F16 /* UserDefaults.swift in Sources */ = {isa = PBXBuildFile; fileRef = 09D275AA2825B91F00933F16 /* UserDefaults.swift */; };
		09D275AE2825B93400933F16 /* Palette.swift in Sources */ = {isa = PBXBuildFile; fileRef = 09D275AD2825B93400933F16 /* Palette.swift */; };
		09D275B02825B94300933F16 /* StartupUtils.swift in Sources */ = {isa = PBXBuildFile; fileRef = 09D275AF2825B94300933F16 /* StartupUtils.swift */; };
		09D275B22825C81100933F16 /* BoardAPI.swift in Sources */ = {isa = PBXBuildFile; fileRef = 09D275B12825C81100933F16 /* BoardAPI.swift */; };
		09D275B42825C82000933F16 /* BoardService.swift in Sources */ = {isa = PBXBuildFile; fileRef = 09D275B32825C82000933F16 /* BoardService.swift */; };
		09D275B62825C83400933F16 /* TaskAPI.swift in Sources */ = {isa = PBXBuildFile; fileRef = 09D275B52825C83400933F16 /* TaskAPI.swift */; };
		09D275B82825C84400933F16 /* TaskService.swift in Sources */ = {isa = PBXBuildFile; fileRef = 09D275B72825C84400933F16 /* TaskService.swift */; };
		09D275BA2825C85600933F16 /* WorkspaceAPI.swift in Sources */ = {isa = PBXBuildFile; fileRef = 09D275B92825C85600933F16 /* WorkspaceAPI.swift */; };
		09D275BC2825C86A00933F16 /* WorkspaceService.swift in Sources */ = {isa = PBXBuildFile; fileRef = 09D275BB2825C86A00933F16 /* WorkspaceService.swift */; };
		09D275BE2825C8F300933F16 /* CreateNewTaskRequest.swift in Sources */ = {isa = PBXBuildFile; fileRef = 09D275BD2825C8F300933F16 /* CreateNewTaskRequest.swift */; };
		09D275C02825C92500933F16 /* Endpoint.swift in Sources */ = {isa = PBXBuildFile; fileRef = 09D275BF2825C92500933F16 /* Endpoint.swift */; };
		09D275C22825C93D00933F16 /* UpdateTaskRequest.swift in Sources */ = {isa = PBXBuildFile; fileRef = 09D275C12825C93D00933F16 /* UpdateTaskRequest.swift */; };
		09D275C42825C95900933F16 /* GetAllTaskRequest.swift in Sources */ = {isa = PBXBuildFile; fileRef = 09D275C32825C95900933F16 /* GetAllTaskRequest.swift */; };
		09D275C62825C96C00933F16 /* DeleteTaskRequest.swift in Sources */ = {isa = PBXBuildFile; fileRef = 09D275C52825C96C00933F16 /* DeleteTaskRequest.swift */; };
		09D275C82825C98000933F16 /* GetTaskByIdRequest.swift in Sources */ = {isa = PBXBuildFile; fileRef = 09D275C72825C98000933F16 /* GetTaskByIdRequest.swift */; };
		09D275CA2825C9DE00933F16 /* CreateNewBoardRequest.swift in Sources */ = {isa = PBXBuildFile; fileRef = 09D275C92825C9DE00933F16 /* CreateNewBoardRequest.swift */; };
		09D275CC2825C9F500933F16 /* UpdateBoardRequest.swift in Sources */ = {isa = PBXBuildFile; fileRef = 09D275CB2825C9F500933F16 /* UpdateBoardRequest.swift */; };
		09D275CE2825CA1000933F16 /* GetAllBoardsRequest.swift in Sources */ = {isa = PBXBuildFile; fileRef = 09D275CD2825CA1000933F16 /* GetAllBoardsRequest.swift */; };
		09D275D02825CA2900933F16 /* DeleteBoardRequest.swift in Sources */ = {isa = PBXBuildFile; fileRef = 09D275CF2825CA2900933F16 /* DeleteBoardRequest.swift */; };
		09D275D22825CA4500933F16 /* DeleteWorkspaceByIdRequest.swift in Sources */ = {isa = PBXBuildFile; fileRef = 09D275D12825CA4500933F16 /* DeleteWorkspaceByIdRequest.swift */; };
		09D275D42825CA5E00933F16 /* UpdateWorkspaceByIdRequest.swift in Sources */ = {isa = PBXBuildFile; fileRef = 09D275D32825CA5E00933F16 /* UpdateWorkspaceByIdRequest.swift */; };
		09D275D62825CA7700933F16 /* AddCurrentMemberToWorkspaceByWorkspaceIdRequest.swift in Sources */ = {isa = PBXBuildFile; fileRef = 09D275D52825CA7700933F16 /* AddCurrentMemberToWorkspaceByWorkspaceIdRequest.swift */; };
		09D275D82825CB4300933F16 /* GetWorkspaceSharingUrlRequest.swift in Sources */ = {isa = PBXBuildFile; fileRef = 09D275D72825CB4300933F16 /* GetWorkspaceSharingUrlRequest.swift */; };
		09D275DA2825CB5A00933F16 /* GetWorkspaceByIdRequest.swift in Sources */ = {isa = PBXBuildFile; fileRef = 09D275D92825CB5A00933F16 /* GetWorkspaceByIdRequest.swift */; };
		09D275DC2825CB6E00933F16 /* CreateNewWorkspaceRequest.swift in Sources */ = {isa = PBXBuildFile; fileRef = 09D275DB2825CB6E00933F16 /* CreateNewWorkspaceRequest.swift */; };
		09D275DE2825CB8100933F16 /* GetAllWorkspacesRequest.swift in Sources */ = {isa = PBXBuildFile; fileRef = 09D275DD2825CB8100933F16 /* GetAllWorkspacesRequest.swift */; };
		09D275E12825CBE800933F16 /* WorkspaceRequest.swift in Sources */ = {isa = PBXBuildFile; fileRef = 09D275E02825CBE800933F16 /* WorkspaceRequest.swift */; };
		09D275E32825CBEF00933F16 /* WorkspaceResponse.swift in Sources */ = {isa = PBXBuildFile; fileRef = 09D275E22825CBEF00933F16 /* WorkspaceResponse.swift */; };
		09D275E52825CBF500933F16 /* AllWorkspaceResponse.swift in Sources */ = {isa = PBXBuildFile; fileRef = 09D275E42825CBF500933F16 /* AllWorkspaceResponse.swift */; };
		09D275E72825CC2100933F16 /* Syncable.swift in Sources */ = {isa = PBXBuildFile; fileRef = 09D275E62825CC2100933F16 /* Syncable.swift */; };
		09D275EA2825CC3D00933F16 /* MemberResponse.swift in Sources */ = {isa = PBXBuildFile; fileRef = 09D275E92825CC3D00933F16 /* MemberResponse.swift */; };
		09D275EC2825CC5200933F16 /* BoardRequest.swift in Sources */ = {isa = PBXBuildFile; fileRef = 09D275EB2825CC5200933F16 /* BoardRequest.swift */; };
		09D275EE2825CC5D00933F16 /* BoardResponse.swift in Sources */ = {isa = PBXBuildFile; fileRef = 09D275ED2825CC5D00933F16 /* BoardResponse.swift */; };
		09D275F02825CC6800933F16 /* AllBoardsResponse.swift in Sources */ = {isa = PBXBuildFile; fileRef = 09D275EF2825CC6800933F16 /* AllBoardsResponse.swift */; };
		09D275F32825CC8100933F16 /* TaskRequest.swift in Sources */ = {isa = PBXBuildFile; fileRef = 09D275F22825CC8100933F16 /* TaskRequest.swift */; };
		09D275F52825CC8E00933F16 /* AllTaskResponse.swift in Sources */ = {isa = PBXBuildFile; fileRef = 09D275F42825CC8E00933F16 /* AllTaskResponse.swift */; };
		09D275F72825CC9B00933F16 /* TaskResponse.swift in Sources */ = {isa = PBXBuildFile; fileRef = 09D275F62825CC9B00933F16 /* TaskResponse.swift */; };
		09D275F92825CCB300933F16 /* WorkspaceError.swift in Sources */ = {isa = PBXBuildFile; fileRef = 09D275F82825CCB300933F16 /* WorkspaceError.swift */; };
		09D275FB2825CCC000933F16 /* BoardError.swift in Sources */ = {isa = PBXBuildFile; fileRef = 09D275FA2825CCC000933F16 /* BoardError.swift */; };
		09D275FD2825CCCC00933F16 /* TaskError.swift in Sources */ = {isa = PBXBuildFile; fileRef = 09D275FC2825CCCC00933F16 /* TaskError.swift */; };
/* End PBXBuildFile section */

/* Begin PBXFileReference section */
		09D2751F2825B4B800933F16 /* Manuscript.app */ = {isa = PBXFileReference; explicitFileType = wrapper.application; includeInIndex = 0; path = Manuscript.app; sourceTree = BUILT_PRODUCTS_DIR; };
		09D275222825B4B800933F16 /* AppDelegate.swift */ = {isa = PBXFileReference; lastKnownFileType = sourcecode.swift; path = AppDelegate.swift; sourceTree = "<group>"; };
		09D275242825B4B800933F16 /* SceneDelegate.swift */ = {isa = PBXFileReference; lastKnownFileType = sourcecode.swift; path = SceneDelegate.swift; sourceTree = "<group>"; };
		09D2752B2825B4B800933F16 /* Assets.xcassets */ = {isa = PBXFileReference; lastKnownFileType = folder.assetcatalog; path = Assets.xcassets; sourceTree = "<group>"; };
		09D2752E2825B4B800933F16 /* Base */ = {isa = PBXFileReference; lastKnownFileType = file.storyboard; name = Base; path = Base.lproj/LaunchScreen.storyboard; sourceTree = "<group>"; };
		09D275302825B4B800933F16 /* Info.plist */ = {isa = PBXFileReference; lastKnownFileType = text.plist.xml; path = Info.plist; sourceTree = "<group>"; };
		09D2753A2825B5D700933F16 /* AuthenticationEvent.swift */ = {isa = PBXFileReference; lastKnownFileType = sourcecode.swift; path = AuthenticationEvent.swift; sourceTree = "<group>"; };
		09D2753C2825B5DF00933F16 /* AuthenticationViewController.swift */ = {isa = PBXFileReference; lastKnownFileType = sourcecode.swift; path = AuthenticationViewController.swift; sourceTree = "<group>"; };
		09D2753E2825B5E500933F16 /* AuthenticationViewModel.swift */ = {isa = PBXFileReference; lastKnownFileType = sourcecode.swift; path = AuthenticationViewModel.swift; sourceTree = "<group>"; };
		09D275402825B5ED00933F16 /* ForgotPasswordViewController.swift */ = {isa = PBXFileReference; lastKnownFileType = sourcecode.swift; path = ForgotPasswordViewController.swift; sourceTree = "<group>"; };
		09D275432825B62600933F16 /* BoardDetailViewController.swift */ = {isa = PBXFileReference; lastKnownFileType = sourcecode.swift; path = BoardDetailViewController.swift; sourceTree = "<group>"; };
		09D275452825B62D00933F16 /* BoardsViewController.swift */ = {isa = PBXFileReference; lastKnownFileType = sourcecode.swift; path = BoardsViewController.swift; sourceTree = "<group>"; };
		09D275492825B65700933F16 /* ApplicationCoordinator.swift */ = {isa = PBXFileReference; lastKnownFileType = sourcecode.swift; path = ApplicationCoordinator.swift; sourceTree = "<group>"; };
		09D2754B2825B65D00933F16 /* ApplicationFlow.swift */ = {isa = PBXFileReference; lastKnownFileType = sourcecode.swift; path = ApplicationFlow.swift; sourceTree = "<group>"; };
		09D2754E2825B68400933F16 /* AuthenticationCoordinator.swift */ = {isa = PBXFileReference; lastKnownFileType = sourcecode.swift; path = AuthenticationCoordinator.swift; sourceTree = "<group>"; };
		09D275502825B68B00933F16 /* AuthenticationFlow.swift */ = {isa = PBXFileReference; lastKnownFileType = sourcecode.swift; path = AuthenticationFlow.swift; sourceTree = "<group>"; };
		09D275532825B6AB00933F16 /* BoardsCoordinator.swift */ = {isa = PBXFileReference; lastKnownFileType = sourcecode.swift; path = BoardsCoordinator.swift; sourceTree = "<group>"; };
		09D275552825B6B100933F16 /* BoardsFlow.swift */ = {isa = PBXFileReference; lastKnownFileType = sourcecode.swift; path = BoardsFlow.swift; sourceTree = "<group>"; };
		09D275582825B6CE00933F16 /* TabBarCoordinator.swift */ = {isa = PBXFileReference; lastKnownFileType = sourcecode.swift; path = TabBarCoordinator.swift; sourceTree = "<group>"; };
		09D2755A2825B6DA00933F16 /* TabBarFlow.swift */ = {isa = PBXFileReference; lastKnownFileType = sourcecode.swift; path = TabBarFlow.swift; sourceTree = "<group>"; };
		09D2755D2825B6F200933F16 /* OnboardingCoordinator.swift */ = {isa = PBXFileReference; lastKnownFileType = sourcecode.swift; path = OnboardingCoordinator.swift; sourceTree = "<group>"; };
		09D2755F2825B6F800933F16 /* OnboardingFlow.swift */ = {isa = PBXFileReference; lastKnownFileType = sourcecode.swift; path = OnboardingFlow.swift; sourceTree = "<group>"; };
		09D275622825B71100933F16 /* TasksCoordinator.swift */ = {isa = PBXFileReference; lastKnownFileType = sourcecode.swift; path = TasksCoordinator.swift; sourceTree = "<group>"; };
		09D275642825B71700933F16 /* TasksFlow.swift */ = {isa = PBXFileReference; lastKnownFileType = sourcecode.swift; path = TasksFlow.swift; sourceTree = "<group>"; };
		09D275662825B72E00933F16 /* Coordinator.swift */ = {isa = PBXFileReference; lastKnownFileType = sourcecode.swift; path = Coordinator.swift; sourceTree = "<group>"; };
		09D275682825B73400933F16 /* Flowable.swift */ = {isa = PBXFileReference; lastKnownFileType = sourcecode.swift; path = Flowable.swift; sourceTree = "<group>"; };
		09D2756A2825B73A00933F16 /* FlowFinisher.swift */ = {isa = PBXFileReference; lastKnownFileType = sourcecode.swift; path = FlowFinisher.swift; sourceTree = "<group>"; };
		09D2756C2825B74000933F16 /* FlowStarter.swift */ = {isa = PBXFileReference; lastKnownFileType = sourcecode.swift; path = FlowStarter.swift; sourceTree = "<group>"; };
		09D2756E2825B74600933F16 /* RootProvider.swift */ = {isa = PBXFileReference; lastKnownFileType = sourcecode.swift; path = RootProvider.swift; sourceTree = "<group>"; };
		09D275712825B77A00933F16 /* ApplicationInjector.swift */ = {isa = PBXFileReference; lastKnownFileType = sourcecode.swift; path = ApplicationInjector.swift; sourceTree = "<group>"; };
		09D275732825B78000933F16 /* AuthenticationInjector.swift */ = {isa = PBXFileReference; lastKnownFileType = sourcecode.swift; path = AuthenticationInjector.swift; sourceTree = "<group>"; };
		09D275752825B78600933F16 /* MainInjector.swift */ = {isa = PBXFileReference; lastKnownFileType = sourcecode.swift; path = MainInjector.swift; sourceTree = "<group>"; };
		09D275772825B78C00933F16 /* OnboardingInjector.swift */ = {isa = PBXFileReference; lastKnownFileType = sourcecode.swift; path = OnboardingInjector.swift; sourceTree = "<group>"; };
		09D2757B2825B7C700933F16 /* AuthenticationAPI.swift */ = {isa = PBXFileReference; lastKnownFileType = sourcecode.swift; path = AuthenticationAPI.swift; sourceTree = "<group>"; };
		09D2757E2825B7D900933F16 /* AuthenticationError.swift */ = {isa = PBXFileReference; lastKnownFileType = sourcecode.swift; path = AuthenticationError.swift; sourceTree = "<group>"; };
		09D275822825B7FA00933F16 /* AccessTokenResponse.swift */ = {isa = PBXFileReference; lastKnownFileType = sourcecode.swift; path = AccessTokenResponse.swift; sourceTree = "<group>"; };
		09D275842825B80100933F16 /* ResetPasswordRequestModel.swift */ = {isa = PBXFileReference; lastKnownFileType = sourcecode.swift; path = ResetPasswordRequestModel.swift; sourceTree = "<group>"; };
		09D275862825B80700933F16 /* UserRequest.swift */ = {isa = PBXFileReference; lastKnownFileType = sourcecode.swift; path = UserRequest.swift; sourceTree = "<group>"; };
		09D275882825B80C00933F16 /* UserResponse.swift */ = {isa = PBXFileReference; lastKnownFileType = sourcecode.swift; path = UserResponse.swift; sourceTree = "<group>"; };
		09D2758A2825B83400933F16 /* ServiceConstants.swift */ = {isa = PBXFileReference; lastKnownFileType = sourcecode.swift; path = ServiceConstants.swift; sourceTree = "<group>"; };
		09D2758D2825B84A00933F16 /* CreateNewUserRequest.swift */ = {isa = PBXFileReference; lastKnownFileType = sourcecode.swift; path = CreateNewUserRequest.swift; sourceTree = "<group>"; };
		09D2758F2825B85000933F16 /* ForgotPasswordRequest.swift */ = {isa = PBXFileReference; lastKnownFileType = sourcecode.swift; path = ForgotPasswordRequest.swift; sourceTree = "<group>"; };
		09D275912825B85700933F16 /* GetUserByIdRequest.swift */ = {isa = PBXFileReference; lastKnownFileType = sourcecode.swift; path = GetUserByIdRequest.swift; sourceTree = "<group>"; };
		09D275932825B85D00933F16 /* ResetPasswordRequest.swift */ = {isa = PBXFileReference; lastKnownFileType = sourcecode.swift; path = ResetPasswordRequest.swift; sourceTree = "<group>"; };
		09D275952825B86300933F16 /* SignInUserRequest.swift */ = {isa = PBXFileReference; lastKnownFileType = sourcecode.swift; path = SignInUserRequest.swift; sourceTree = "<group>"; };
		09D275982825B89700933F16 /* AuthenticationManager.swift */ = {isa = PBXFileReference; lastKnownFileType = sourcecode.swift; path = AuthenticationManager.swift; sourceTree = "<group>"; };
		09D2759A2825B8A900933F16 /* ManuscriptEnvironment.swift */ = {isa = PBXFileReference; lastKnownFileType = sourcecode.swift; path = ManuscriptEnvironment.swift; sourceTree = "<group>"; };
		09D2759D2825B8BD00933F16 /* OnboardingViewController.swift */ = {isa = PBXFileReference; lastKnownFileType = sourcecode.swift; path = OnboardingViewController.swift; sourceTree = "<group>"; };
		09D2759F2825B8C300933F16 /* OnboardingViewModel.swift */ = {isa = PBXFileReference; lastKnownFileType = sourcecode.swift; path = OnboardingViewModel.swift; sourceTree = "<group>"; };
		09D275A12825B8C900933F16 /* PermissionsViewController.swift */ = {isa = PBXFileReference; lastKnownFileType = sourcecode.swift; path = PermissionsViewController.swift; sourceTree = "<group>"; };
		09D275A42825B8F400933F16 /* Defaults.swift */ = {isa = PBXFileReference; lastKnownFileType = sourcecode.swift; path = Defaults.swift; sourceTree = "<group>"; };
		09D275A72825B90900933F16 /* TasksViewController.swift */ = {isa = PBXFileReference; lastKnownFileType = sourcecode.swift; path = TasksViewController.swift; sourceTree = "<group>"; };
		09D275AA2825B91F00933F16 /* UserDefaults.swift */ = {isa = PBXFileReference; lastKnownFileType = sourcecode.swift; path = UserDefaults.swift; sourceTree = "<group>"; };
		09D275AD2825B93400933F16 /* Palette.swift */ = {isa = PBXFileReference; lastKnownFileType = sourcecode.swift; path = Palette.swift; sourceTree = "<group>"; };
		09D275AF2825B94300933F16 /* StartupUtils.swift */ = {isa = PBXFileReference; lastKnownFileType = sourcecode.swift; path = StartupUtils.swift; sourceTree = "<group>"; };
		09D275B12825C81100933F16 /* BoardAPI.swift */ = {isa = PBXFileReference; lastKnownFileType = sourcecode.swift; path = BoardAPI.swift; sourceTree = "<group>"; };
		09D275B32825C82000933F16 /* BoardService.swift */ = {isa = PBXFileReference; lastKnownFileType = sourcecode.swift; path = BoardService.swift; sourceTree = "<group>"; };
		09D275B52825C83400933F16 /* TaskAPI.swift */ = {isa = PBXFileReference; lastKnownFileType = sourcecode.swift; path = TaskAPI.swift; sourceTree = "<group>"; };
		09D275B72825C84400933F16 /* TaskService.swift */ = {isa = PBXFileReference; lastKnownFileType = sourcecode.swift; path = TaskService.swift; sourceTree = "<group>"; };
		09D275B92825C85600933F16 /* WorkspaceAPI.swift */ = {isa = PBXFileReference; lastKnownFileType = sourcecode.swift; path = WorkspaceAPI.swift; sourceTree = "<group>"; };
		09D275BB2825C86A00933F16 /* WorkspaceService.swift */ = {isa = PBXFileReference; lastKnownFileType = sourcecode.swift; path = WorkspaceService.swift; sourceTree = "<group>"; };
		09D275BD2825C8F300933F16 /* CreateNewTaskRequest.swift */ = {isa = PBXFileReference; lastKnownFileType = sourcecode.swift; path = CreateNewTaskRequest.swift; sourceTree = "<group>"; };
		09D275BF2825C92500933F16 /* Endpoint.swift */ = {isa = PBXFileReference; lastKnownFileType = sourcecode.swift; path = Endpoint.swift; sourceTree = "<group>"; };
		09D275C12825C93D00933F16 /* UpdateTaskRequest.swift */ = {isa = PBXFileReference; lastKnownFileType = sourcecode.swift; path = UpdateTaskRequest.swift; sourceTree = "<group>"; };
		09D275C32825C95900933F16 /* GetAllTaskRequest.swift */ = {isa = PBXFileReference; lastKnownFileType = sourcecode.swift; path = GetAllTaskRequest.swift; sourceTree = "<group>"; };
		09D275C52825C96C00933F16 /* DeleteTaskRequest.swift */ = {isa = PBXFileReference; lastKnownFileType = sourcecode.swift; path = DeleteTaskRequest.swift; sourceTree = "<group>"; };
		09D275C72825C98000933F16 /* GetTaskByIdRequest.swift */ = {isa = PBXFileReference; lastKnownFileType = sourcecode.swift; path = GetTaskByIdRequest.swift; sourceTree = "<group>"; };
		09D275C92825C9DE00933F16 /* CreateNewBoardRequest.swift */ = {isa = PBXFileReference; lastKnownFileType = sourcecode.swift; path = CreateNewBoardRequest.swift; sourceTree = "<group>"; };
		09D275CB2825C9F500933F16 /* UpdateBoardRequest.swift */ = {isa = PBXFileReference; lastKnownFileType = sourcecode.swift; path = UpdateBoardRequest.swift; sourceTree = "<group>"; };
		09D275CD2825CA1000933F16 /* GetAllBoardsRequest.swift */ = {isa = PBXFileReference; lastKnownFileType = sourcecode.swift; path = GetAllBoardsRequest.swift; sourceTree = "<group>"; };
		09D275CF2825CA2900933F16 /* DeleteBoardRequest.swift */ = {isa = PBXFileReference; lastKnownFileType = sourcecode.swift; path = DeleteBoardRequest.swift; sourceTree = "<group>"; };
		09D275D12825CA4500933F16 /* DeleteWorkspaceByIdRequest.swift */ = {isa = PBXFileReference; lastKnownFileType = sourcecode.swift; path = DeleteWorkspaceByIdRequest.swift; sourceTree = "<group>"; };
		09D275D32825CA5E00933F16 /* UpdateWorkspaceByIdRequest.swift */ = {isa = PBXFileReference; lastKnownFileType = sourcecode.swift; path = UpdateWorkspaceByIdRequest.swift; sourceTree = "<group>"; };
		09D275D52825CA7700933F16 /* AddCurrentMemberToWorkspaceByWorkspaceIdRequest.swift */ = {isa = PBXFileReference; lastKnownFileType = sourcecode.swift; path = AddCurrentMemberToWorkspaceByWorkspaceIdRequest.swift; sourceTree = "<group>"; };
		09D275D72825CB4300933F16 /* GetWorkspaceSharingUrlRequest.swift */ = {isa = PBXFileReference; lastKnownFileType = sourcecode.swift; path = GetWorkspaceSharingUrlRequest.swift; sourceTree = "<group>"; };
		09D275D92825CB5A00933F16 /* GetWorkspaceByIdRequest.swift */ = {isa = PBXFileReference; lastKnownFileType = sourcecode.swift; path = GetWorkspaceByIdRequest.swift; sourceTree = "<group>"; };
		09D275DB2825CB6E00933F16 /* CreateNewWorkspaceRequest.swift */ = {isa = PBXFileReference; lastKnownFileType = sourcecode.swift; path = CreateNewWorkspaceRequest.swift; sourceTree = "<group>"; };
		09D275DD2825CB8100933F16 /* GetAllWorkspacesRequest.swift */ = {isa = PBXFileReference; lastKnownFileType = sourcecode.swift; path = GetAllWorkspacesRequest.swift; sourceTree = "<group>"; };
		09D275E02825CBE800933F16 /* WorkspaceRequest.swift */ = {isa = PBXFileReference; lastKnownFileType = sourcecode.swift; path = WorkspaceRequest.swift; sourceTree = "<group>"; };
		09D275E22825CBEF00933F16 /* WorkspaceResponse.swift */ = {isa = PBXFileReference; lastKnownFileType = sourcecode.swift; path = WorkspaceResponse.swift; sourceTree = "<group>"; };
		09D275E42825CBF500933F16 /* AllWorkspaceResponse.swift */ = {isa = PBXFileReference; lastKnownFileType = sourcecode.swift; path = AllWorkspaceResponse.swift; sourceTree = "<group>"; };
		09D275E62825CC2100933F16 /* Syncable.swift */ = {isa = PBXFileReference; lastKnownFileType = sourcecode.swift; path = Syncable.swift; sourceTree = "<group>"; };
		09D275E92825CC3D00933F16 /* MemberResponse.swift */ = {isa = PBXFileReference; lastKnownFileType = sourcecode.swift; path = MemberResponse.swift; sourceTree = "<group>"; };
		09D275EB2825CC5200933F16 /* BoardRequest.swift */ = {isa = PBXFileReference; lastKnownFileType = sourcecode.swift; path = BoardRequest.swift; sourceTree = "<group>"; };
		09D275ED2825CC5D00933F16 /* BoardResponse.swift */ = {isa = PBXFileReference; lastKnownFileType = sourcecode.swift; path = BoardResponse.swift; sourceTree = "<group>"; };
		09D275EF2825CC6800933F16 /* AllBoardsResponse.swift */ = {isa = PBXFileReference; lastKnownFileType = sourcecode.swift; path = AllBoardsResponse.swift; sourceTree = "<group>"; };
		09D275F22825CC8100933F16 /* TaskRequest.swift */ = {isa = PBXFileReference; lastKnownFileType = sourcecode.swift; path = TaskRequest.swift; sourceTree = "<group>"; };
		09D275F42825CC8E00933F16 /* AllTaskResponse.swift */ = {isa = PBXFileReference; lastKnownFileType = sourcecode.swift; path = AllTaskResponse.swift; sourceTree = "<group>"; };
		09D275F62825CC9B00933F16 /* TaskResponse.swift */ = {isa = PBXFileReference; lastKnownFileType = sourcecode.swift; path = TaskResponse.swift; sourceTree = "<group>"; };
		09D275F82825CCB300933F16 /* WorkspaceError.swift */ = {isa = PBXFileReference; lastKnownFileType = sourcecode.swift; path = WorkspaceError.swift; sourceTree = "<group>"; };
		09D275FA2825CCC000933F16 /* BoardError.swift */ = {isa = PBXFileReference; lastKnownFileType = sourcecode.swift; path = BoardError.swift; sourceTree = "<group>"; };
		09D275FC2825CCCC00933F16 /* TaskError.swift */ = {isa = PBXFileReference; lastKnownFileType = sourcecode.swift; path = TaskError.swift; sourceTree = "<group>"; };
/* End PBXFileReference section */

/* Begin PBXFrameworksBuildPhase section */
		09D2751C2825B4B800933F16 /* Frameworks */ = {
			isa = PBXFrameworksBuildPhase;
			buildActionMask = 2147483647;
			files = (
			);
			runOnlyForDeploymentPostprocessing = 0;
		};
/* End PBXFrameworksBuildPhase section */

/* Begin PBXGroup section */
		09D275162825B4B800933F16 = {
			isa = PBXGroup;
			children = (
				09D275212825B4B800933F16 /* Manuscript */,
				09D275202825B4B800933F16 /* Products */,
			);
			sourceTree = "<group>";
		};
		09D275202825B4B800933F16 /* Products */ = {
			isa = PBXGroup;
			children = (
				09D2751F2825B4B800933F16 /* Manuscript.app */,
			);
			name = Products;
			sourceTree = "<group>";
		};
		09D275212825B4B800933F16 /* Manuscript */ = {
			isa = PBXGroup;
			children = (
				09D275AC2825B93000933F16 /* Utils */,
				09D275A92825B91B00933F16 /* UserDefaults */,
				09D275A62825B90300933F16 /* Tasks */,
				09D275A32825B8E900933F16 /* PropertyWrappers */,
				09D2759C2825B8B700933F16 /* Onboarding */,
				09D275792825B7B700933F16 /* Network */,
				09D275702825B77500933F16 /* Injectors */,
				09D275472825B64600933F16 /* Coordinator */,
				09D275422825B61E00933F16 /* Boards */,
				09D275392825B5CB00933F16 /* Authentication */,
				09D275382825B54C00933F16 /* Application */,
				09D275372825B53D00933F16 /* LaunchScreen */,
				09D275362825B50900933F16 /* Resources */,
			);
			path = Manuscript;
			sourceTree = "<group>";
		};
		09D275362825B50900933F16 /* Resources */ = {
			isa = PBXGroup;
			children = (
				09D2752B2825B4B800933F16 /* Assets.xcassets */,
				09D275302825B4B800933F16 /* Info.plist */,
			);
			path = Resources;
			sourceTree = "<group>";
		};
		09D275372825B53D00933F16 /* LaunchScreen */ = {
			isa = PBXGroup;
			children = (
				09D2752D2825B4B800933F16 /* LaunchScreen.storyboard */,
			);
			path = LaunchScreen;
			sourceTree = "<group>";
		};
		09D275382825B54C00933F16 /* Application */ = {
			isa = PBXGroup;
			children = (
				09D275222825B4B800933F16 /* AppDelegate.swift */,
				09D275242825B4B800933F16 /* SceneDelegate.swift */,
			);
			path = Application;
			sourceTree = "<group>";
		};
		09D275392825B5CB00933F16 /* Authentication */ = {
			isa = PBXGroup;
			children = (
				09D2753A2825B5D700933F16 /* AuthenticationEvent.swift */,
				09D2753C2825B5DF00933F16 /* AuthenticationViewController.swift */,
				09D2753E2825B5E500933F16 /* AuthenticationViewModel.swift */,
				09D275402825B5ED00933F16 /* ForgotPasswordViewController.swift */,
			);
			path = Authentication;
			sourceTree = "<group>";
		};
		09D275422825B61E00933F16 /* Boards */ = {
			isa = PBXGroup;
			children = (
				09D275432825B62600933F16 /* BoardDetailViewController.swift */,
				09D275452825B62D00933F16 /* BoardsViewController.swift */,
			);
			path = Boards;
			sourceTree = "<group>";
		};
		09D275472825B64600933F16 /* Coordinator */ = {
			isa = PBXGroup;
			children = (
				09D275612825B70E00933F16 /* Tasks */,
				09D2755C2825B6E800933F16 /* Onboarding */,
				09D275572825B6C900933F16 /* Main */,
				09D275522825B6A800933F16 /* Boards */,
				09D2754D2825B67A00933F16 /* Authentication */,
				09D275482825B64D00933F16 /* Application */,
				09D275662825B72E00933F16 /* Coordinator.swift */,
				09D275682825B73400933F16 /* Flowable.swift */,
				09D2756A2825B73A00933F16 /* FlowFinisher.swift */,
				09D2756C2825B74000933F16 /* FlowStarter.swift */,
				09D2756E2825B74600933F16 /* RootProvider.swift */,
			);
			path = Coordinator;
			sourceTree = "<group>";
		};
		09D275482825B64D00933F16 /* Application */ = {
			isa = PBXGroup;
			children = (
				09D275492825B65700933F16 /* ApplicationCoordinator.swift */,
				09D2754B2825B65D00933F16 /* ApplicationFlow.swift */,
			);
			path = Application;
			sourceTree = "<group>";
		};
		09D2754D2825B67A00933F16 /* Authentication */ = {
			isa = PBXGroup;
			children = (
				09D2754E2825B68400933F16 /* AuthenticationCoordinator.swift */,
				09D275502825B68B00933F16 /* AuthenticationFlow.swift */,
			);
			path = Authentication;
			sourceTree = "<group>";
		};
		09D275522825B6A800933F16 /* Boards */ = {
			isa = PBXGroup;
			children = (
				09D275532825B6AB00933F16 /* BoardsCoordinator.swift */,
				09D275552825B6B100933F16 /* BoardsFlow.swift */,
			);
			path = Boards;
			sourceTree = "<group>";
		};
		09D275572825B6C900933F16 /* Main */ = {
			isa = PBXGroup;
			children = (
				09D275582825B6CE00933F16 /* TabBarCoordinator.swift */,
				09D2755A2825B6DA00933F16 /* TabBarFlow.swift */,
			);
			path = Main;
			sourceTree = "<group>";
		};
		09D2755C2825B6E800933F16 /* Onboarding */ = {
			isa = PBXGroup;
			children = (
				09D2755D2825B6F200933F16 /* OnboardingCoordinator.swift */,
				09D2755F2825B6F800933F16 /* OnboardingFlow.swift */,
			);
			path = Onboarding;
			sourceTree = "<group>";
		};
		09D275612825B70E00933F16 /* Tasks */ = {
			isa = PBXGroup;
			children = (
				09D275622825B71100933F16 /* TasksCoordinator.swift */,
				09D275642825B71700933F16 /* TasksFlow.swift */,
			);
			path = Tasks;
			sourceTree = "<group>";
		};
		09D275702825B77500933F16 /* Injectors */ = {
			isa = PBXGroup;
			children = (
				09D275712825B77A00933F16 /* ApplicationInjector.swift */,
				09D275732825B78000933F16 /* AuthenticationInjector.swift */,
				09D275752825B78600933F16 /* MainInjector.swift */,
				09D275772825B78C00933F16 /* OnboardingInjector.swift */,
			);
			path = Injectors;
			sourceTree = "<group>";
		};
		09D275792825B7B700933F16 /* Network */ = {
			isa = PBXGroup;
			children = (
				09D275972825B89300933F16 /* Service */,
				09D2758C2825B84500933F16 /* Requests */,
				09D275802825B7E900933F16 /* Model */,
				09D2757D2825B7D500933F16 /* Error */,
				09D2757A2825B7BD00933F16 /* API */,
				09D2758A2825B83400933F16 /* ServiceConstants.swift */,
				09D2759A2825B8A900933F16 /* ManuscriptEnvironment.swift */,
				09D275BF2825C92500933F16 /* Endpoint.swift */,
			);
			path = Network;
			sourceTree = "<group>";
		};
		09D2757A2825B7BD00933F16 /* API */ = {
			isa = PBXGroup;
			children = (
				09D2757B2825B7C700933F16 /* AuthenticationAPI.swift */,
				09D275B12825C81100933F16 /* BoardAPI.swift */,
				09D275B52825C83400933F16 /* TaskAPI.swift */,
				09D275B92825C85600933F16 /* WorkspaceAPI.swift */,
			);
			path = API;
			sourceTree = "<group>";
		};
		09D2757D2825B7D500933F16 /* Error */ = {
			isa = PBXGroup;
			children = (
				09D2757E2825B7D900933F16 /* AuthenticationError.swift */,
				09D275F82825CCB300933F16 /* WorkspaceError.swift */,
				09D275FA2825CCC000933F16 /* BoardError.swift */,
				09D275FC2825CCCC00933F16 /* TaskError.swift */,
			);
			path = Error;
			sourceTree = "<group>";
		};
		09D275802825B7E900933F16 /* Model */ = {
			isa = PBXGroup;
			children = (
				09D275F12825CC7D00933F16 /* Task */,
				09D275E82825CC3900933F16 /* Board */,
				09D275DF2825CBE400933F16 /* Workspace */,
				09D275812825B7F000933F16 /* Authentication */,
				09D275E62825CC2100933F16 /* Syncable.swift */,
			);
			path = Model;
			sourceTree = "<group>";
		};
		09D275812825B7F000933F16 /* Authentication */ = {
			isa = PBXGroup;
			children = (
				09D275822825B7FA00933F16 /* AccessTokenResponse.swift */,
				09D275842825B80100933F16 /* ResetPasswordRequestModel.swift */,
				09D275862825B80700933F16 /* UserRequest.swift */,
				09D275882825B80C00933F16 /* UserResponse.swift */,
			);
			path = Authentication;
			sourceTree = "<group>";
		};
		09D2758C2825B84500933F16 /* Requests */ = {
			isa = PBXGroup;
			children = (
				09D2758D2825B84A00933F16 /* CreateNewUserRequest.swift */,
				09D2758F2825B85000933F16 /* ForgotPasswordRequest.swift */,
				09D275912825B85700933F16 /* GetUserByIdRequest.swift */,
				09D275932825B85D00933F16 /* ResetPasswordRequest.swift */,
				09D275952825B86300933F16 /* SignInUserRequest.swift */,
				09D275BD2825C8F300933F16 /* CreateNewTaskRequest.swift */,
				09D275C12825C93D00933F16 /* UpdateTaskRequest.swift */,
				09D275C32825C95900933F16 /* GetAllTaskRequest.swift */,
				09D275C52825C96C00933F16 /* DeleteTaskRequest.swift */,
				09D275C72825C98000933F16 /* GetTaskByIdRequest.swift */,
				09D275C92825C9DE00933F16 /* CreateNewBoardRequest.swift */,
				09D275CB2825C9F500933F16 /* UpdateBoardRequest.swift */,
				09D275CD2825CA1000933F16 /* GetAllBoardsRequest.swift */,
				09D275CF2825CA2900933F16 /* DeleteBoardRequest.swift */,
				09D275D12825CA4500933F16 /* DeleteWorkspaceByIdRequest.swift */,
				09D275D32825CA5E00933F16 /* UpdateWorkspaceByIdRequest.swift */,
				09D275D52825CA7700933F16 /* AddCurrentMemberToWorkspaceByWorkspaceIdRequest.swift */,
				09D275D72825CB4300933F16 /* GetWorkspaceSharingUrlRequest.swift */,
				09D275D92825CB5A00933F16 /* GetWorkspaceByIdRequest.swift */,
				09D275DB2825CB6E00933F16 /* CreateNewWorkspaceRequest.swift */,
				09D275DD2825CB8100933F16 /* GetAllWorkspacesRequest.swift */,
			);
			path = Requests;
			sourceTree = "<group>";
		};
		09D275972825B89300933F16 /* Service */ = {
			isa = PBXGroup;
			children = (
				09D275982825B89700933F16 /* AuthenticationManager.swift */,
				09D275B32825C82000933F16 /* BoardService.swift */,
				09D275B72825C84400933F16 /* TaskService.swift */,
				09D275BB2825C86A00933F16 /* WorkspaceService.swift */,
			);
			path = Service;
			sourceTree = "<group>";
		};
		09D2759C2825B8B700933F16 /* Onboarding */ = {
			isa = PBXGroup;
			children = (
				09D2759D2825B8BD00933F16 /* OnboardingViewController.swift */,
				09D2759F2825B8C300933F16 /* OnboardingViewModel.swift */,
				09D275A12825B8C900933F16 /* PermissionsViewController.swift */,
			);
			path = Onboarding;
			sourceTree = "<group>";
		};
		09D275A32825B8E900933F16 /* PropertyWrappers */ = {
			isa = PBXGroup;
			children = (
				09D275A42825B8F400933F16 /* Defaults.swift */,
			);
			path = PropertyWrappers;
			sourceTree = "<group>";
		};
		09D275A62825B90300933F16 /* Tasks */ = {
			isa = PBXGroup;
			children = (
				09D275A72825B90900933F16 /* TasksViewController.swift */,
			);
			path = Tasks;
			sourceTree = "<group>";
		};
		09D275A92825B91B00933F16 /* UserDefaults */ = {
			isa = PBXGroup;
			children = (
				09D275AA2825B91F00933F16 /* UserDefaults.swift */,
			);
			path = UserDefaults;
			sourceTree = "<group>";
		};
		09D275AC2825B93000933F16 /* Utils */ = {
			isa = PBXGroup;
			children = (
				09D275AD2825B93400933F16 /* Palette.swift */,
				09D275AF2825B94300933F16 /* StartupUtils.swift */,
			);
			path = Utils;
			sourceTree = "<group>";
		};
		09D275DF2825CBE400933F16 /* Workspace */ = {
			isa = PBXGroup;
			children = (
				09D275E02825CBE800933F16 /* WorkspaceRequest.swift */,
				09D275E22825CBEF00933F16 /* WorkspaceResponse.swift */,
				09D275E42825CBF500933F16 /* AllWorkspaceResponse.swift */,
			);
			path = Workspace;
			sourceTree = "<group>";
		};
		09D275E82825CC3900933F16 /* Board */ = {
			isa = PBXGroup;
			children = (
				09D275E92825CC3D00933F16 /* MemberResponse.swift */,
				09D275EB2825CC5200933F16 /* BoardRequest.swift */,
				09D275ED2825CC5D00933F16 /* BoardResponse.swift */,
				09D275EF2825CC6800933F16 /* AllBoardsResponse.swift */,
			);
			path = Board;
			sourceTree = "<group>";
		};
		09D275F12825CC7D00933F16 /* Task */ = {
			isa = PBXGroup;
			children = (
				09D275F22825CC8100933F16 /* TaskRequest.swift */,
				09D275F42825CC8E00933F16 /* AllTaskResponse.swift */,
				09D275F62825CC9B00933F16 /* TaskResponse.swift */,
			);
			path = Task;
			sourceTree = "<group>";
		};
/* End PBXGroup section */

/* Begin PBXNativeTarget section */
		09D2751E2825B4B800933F16 /* Manuscript */ = {
			isa = PBXNativeTarget;
			buildConfigurationList = 09D275332825B4B800933F16 /* Build configuration list for PBXNativeTarget "Manuscript" */;
			buildPhases = (
				09D2751B2825B4B800933F16 /* Sources */,
				09D2751C2825B4B800933F16 /* Frameworks */,
				09D2751D2825B4B800933F16 /* Resources */,
			);
			buildRules = (
			);
			dependencies = (
			);
			name = Manuscript;
			productName = Manuscript;
			productReference = 09D2751F2825B4B800933F16 /* Manuscript.app */;
			productType = "com.apple.product-type.application";
		};
/* End PBXNativeTarget section */

/* Begin PBXProject section */
		09D275172825B4B800933F16 /* Project object */ = {
			isa = PBXProject;
			attributes = {
				BuildIndependentTargetsInParallel = 1;
				LastSwiftUpdateCheck = 1330;
				LastUpgradeCheck = 1330;
				TargetAttributes = {
					09D2751E2825B4B800933F16 = {
						CreatedOnToolsVersion = 13.3.1;
					};
				};
			};
			buildConfigurationList = 09D2751A2825B4B800933F16 /* Build configuration list for PBXProject "Manuscript" */;
			compatibilityVersion = "Xcode 13.0";
			developmentRegion = en;
			hasScannedForEncodings = 0;
			knownRegions = (
				en,
				Base,
			);
			mainGroup = 09D275162825B4B800933F16;
			productRefGroup = 09D275202825B4B800933F16 /* Products */;
			projectDirPath = "";
			projectRoot = "";
			targets = (
				09D2751E2825B4B800933F16 /* Manuscript */,
			);
		};
/* End PBXProject section */

/* Begin PBXResourcesBuildPhase section */
		09D2751D2825B4B800933F16 /* Resources */ = {
			isa = PBXResourcesBuildPhase;
			buildActionMask = 2147483647;
			files = (
				09D2752F2825B4B800933F16 /* LaunchScreen.storyboard in Resources */,
				09D2752C2825B4B800933F16 /* Assets.xcassets in Resources */,
			);
			runOnlyForDeploymentPostprocessing = 0;
		};
/* End PBXResourcesBuildPhase section */

/* Begin PBXSourcesBuildPhase section */
		09D2751B2825B4B800933F16 /* Sources */ = {
			isa = PBXSourcesBuildPhase;
			buildActionMask = 2147483647;
			files = (
				09D275D62825CA7700933F16 /* AddCurrentMemberToWorkspaceByWorkspaceIdRequest.swift in Sources */,
				09D275D22825CA4500933F16 /* DeleteWorkspaceByIdRequest.swift in Sources */,
				09D275D02825CA2900933F16 /* DeleteBoardRequest.swift in Sources */,
				09D275F52825CC8E00933F16 /* AllTaskResponse.swift in Sources */,
				09D275F92825CCB300933F16 /* WorkspaceError.swift in Sources */,
				09D275D42825CA5E00933F16 /* UpdateWorkspaceByIdRequest.swift in Sources */,
				09D275B82825C84400933F16 /* TaskService.swift in Sources */,
				09D275C22825C93D00933F16 /* UpdateTaskRequest.swift in Sources */,
				09D275CC2825C9F500933F16 /* UpdateBoardRequest.swift in Sources */,
				09D275E52825CBF500933F16 /* AllWorkspaceResponse.swift in Sources */,
				09D2756B2825B73A00933F16 /* FlowFinisher.swift in Sources */,
				09D275B62825C83400933F16 /* TaskAPI.swift in Sources */,
				09D2756D2825B74000933F16 /* FlowStarter.swift in Sources */,
				09D275EA2825CC3D00933F16 /* MemberResponse.swift in Sources */,
				09D275CA2825C9DE00933F16 /* CreateNewBoardRequest.swift in Sources */,
				09D2756F2825B74600933F16 /* RootProvider.swift in Sources */,
				09D2758B2825B83400933F16 /* ServiceConstants.swift in Sources */,
				09D275BA2825C85600933F16 /* WorkspaceAPI.swift in Sources */,
				09D275C82825C98000933F16 /* GetTaskByIdRequest.swift in Sources */,
				09D2759B2825B8A900933F16 /* ManuscriptEnvironment.swift in Sources */,
				09D275942825B85D00933F16 /* ResetPasswordRequest.swift in Sources */,
				09D2753D2825B5DF00933F16 /* AuthenticationViewController.swift in Sources */,
				09D275902825B85000933F16 /* ForgotPasswordRequest.swift in Sources */,
				09D275E72825CC2100933F16 /* Syncable.swift in Sources */,
				09D275922825B85700933F16 /* GetUserByIdRequest.swift in Sources */,
				09D275962825B86300933F16 /* SignInUserRequest.swift in Sources */,
				09D275992825B89700933F16 /* AuthenticationManager.swift in Sources */,
				09D275442825B62600933F16 /* BoardDetailViewController.swift in Sources */,
				09D275FB2825CCC000933F16 /* BoardError.swift in Sources */,
				09D275BC2825C86A00933F16 /* WorkspaceService.swift in Sources */,
				09D275DA2825CB5A00933F16 /* GetWorkspaceByIdRequest.swift in Sources */,
				09D275562825B6B100933F16 /* BoardsFlow.swift in Sources */,
				09D275CE2825CA1000933F16 /* GetAllBoardsRequest.swift in Sources */,
				09D275EC2825CC5200933F16 /* BoardRequest.swift in Sources */,
				09D275B02825B94300933F16 /* StartupUtils.swift in Sources */,
				09D275692825B73400933F16 /* Flowable.swift in Sources */,
				09D2754C2825B65D00933F16 /* ApplicationFlow.swift in Sources */,
				09D275A52825B8F400933F16 /* Defaults.swift in Sources */,
				09D275F72825CC9B00933F16 /* TaskResponse.swift in Sources */,
				09D2757C2825B7C700933F16 /* AuthenticationAPI.swift in Sources */,
				09D2753F2825B5E500933F16 /* AuthenticationViewModel.swift in Sources */,
				09D275B22825C81100933F16 /* BoardAPI.swift in Sources */,
				09D275412825B5ED00933F16 /* ForgotPasswordViewController.swift in Sources */,
				09D275602825B6F800933F16 /* OnboardingFlow.swift in Sources */,
				09D275EE2825CC5D00933F16 /* BoardResponse.swift in Sources */,
				09D275232825B4B800933F16 /* AppDelegate.swift in Sources */,
				09D2757F2825B7D900933F16 /* AuthenticationError.swift in Sources */,
				09D275DC2825CB6E00933F16 /* CreateNewWorkspaceRequest.swift in Sources */,
				09D275F32825CC8100933F16 /* TaskRequest.swift in Sources */,
				09D275A22825B8C900933F16 /* PermissionsViewController.swift in Sources */,
				09D275B42825C82000933F16 /* BoardService.swift in Sources */,
				09D275722825B77A00933F16 /* ApplicationInjector.swift in Sources */,
				09D275DE2825CB8100933F16 /* GetAllWorkspacesRequest.swift in Sources */,
				09D2754A2825B65700933F16 /* ApplicationCoordinator.swift in Sources */,
				09D275592825B6CE00933F16 /* TabBarCoordinator.swift in Sources */,
				09D275C42825C95900933F16 /* GetAllTaskRequest.swift in Sources */,
				09D2754F2825B68400933F16 /* AuthenticationCoordinator.swift in Sources */,
				09D275AE2825B93400933F16 /* Palette.swift in Sources */,
				09D2753B2825B5D700933F16 /* AuthenticationEvent.swift in Sources */,
				09D275742825B78000933F16 /* AuthenticationInjector.swift in Sources */,
				09D275252825B4B800933F16 /* SceneDelegate.swift in Sources */,
				09D275852825B80100933F16 /* ResetPasswordRequestModel.swift in Sources */,
				09D275542825B6AB00933F16 /* BoardsCoordinator.swift in Sources */,
				09D2758E2825B84A00933F16 /* CreateNewUserRequest.swift in Sources */,
				09D275C02825C92500933F16 /* Endpoint.swift in Sources */,
				09D2759E2825B8BD00933F16 /* OnboardingViewController.swift in Sources */,
				09D275E32825CBEF00933F16 /* WorkspaceResponse.swift in Sources */,
				09D275832825B7FA00933F16 /* AccessTokenResponse.swift in Sources */,
				09D275BE2825C8F300933F16 /* CreateNewTaskRequest.swift in Sources */,
				09D275462825B62D00933F16 /* BoardsViewController.swift in Sources */,
				09D275892825B80C00933F16 /* UserResponse.swift in Sources */,
				09D275632825B71100933F16 /* TasksCoordinator.swift in Sources */,
				09D275652825B71700933F16 /* TasksFlow.swift in Sources */,
				09D275512825B68B00933F16 /* AuthenticationFlow.swift in Sources */,
				09D275AB2825B91F00933F16 /* UserDefaults.swift in Sources */,
				09D275762825B78600933F16 /* MainInjector.swift in Sources */,
				09D275A82825B90900933F16 /* TasksViewController.swift in Sources */,
				09D275782825B78C00933F16 /* OnboardingInjector.swift in Sources */,
				09D275E12825CBE800933F16 /* WorkspaceRequest.swift in Sources */,
				09D275A02825B8C300933F16 /* OnboardingViewModel.swift in Sources */,
				09D275F02825CC6800933F16 /* AllBoardsResponse.swift in Sources */,
				09D275C62825C96C00933F16 /* DeleteTaskRequest.swift in Sources */,
				09D275872825B80700933F16 /* UserRequest.swift in Sources */,
				09D2755B2825B6DA00933F16 /* TabBarFlow.swift in Sources */,
				09D2755E2825B6F200933F16 /* OnboardingCoordinator.swift in Sources */,
				09D275672825B72E00933F16 /* Coordinator.swift in Sources */,
				09D275D82825CB4300933F16 /* GetWorkspaceSharingUrlRequest.swift in Sources */,
				09D275FD2825CCCC00933F16 /* TaskError.swift in Sources */,
			);
			runOnlyForDeploymentPostprocessing = 0;
		};
/* End PBXSourcesBuildPhase section */

/* Begin PBXVariantGroup section */
		09D2752D2825B4B800933F16 /* LaunchScreen.storyboard */ = {
			isa = PBXVariantGroup;
			children = (
				09D2752E2825B4B800933F16 /* Base */,
			);
			name = LaunchScreen.storyboard;
			sourceTree = "<group>";
		};
/* End PBXVariantGroup section */

/* Begin XCBuildConfiguration section */
		09D275312825B4B800933F16 /* Debug */ = {
			isa = XCBuildConfiguration;
			buildSettings = {
				ALWAYS_SEARCH_USER_PATHS = NO;
				CLANG_ANALYZER_NONNULL = YES;
				CLANG_ANALYZER_NUMBER_OBJECT_CONVERSION = YES_AGGRESSIVE;
				CLANG_CXX_LANGUAGE_STANDARD = "gnu++17";
				CLANG_ENABLE_MODULES = YES;
				CLANG_ENABLE_OBJC_ARC = YES;
				CLANG_ENABLE_OBJC_WEAK = YES;
				CLANG_WARN_BLOCK_CAPTURE_AUTORELEASING = YES;
				CLANG_WARN_BOOL_CONVERSION = YES;
				CLANG_WARN_COMMA = YES;
				CLANG_WARN_CONSTANT_CONVERSION = YES;
				CLANG_WARN_DEPRECATED_OBJC_IMPLEMENTATIONS = YES;
				CLANG_WARN_DIRECT_OBJC_ISA_USAGE = YES_ERROR;
				CLANG_WARN_DOCUMENTATION_COMMENTS = YES;
				CLANG_WARN_EMPTY_BODY = YES;
				CLANG_WARN_ENUM_CONVERSION = YES;
				CLANG_WARN_INFINITE_RECURSION = YES;
				CLANG_WARN_INT_CONVERSION = YES;
				CLANG_WARN_NON_LITERAL_NULL_CONVERSION = YES;
				CLANG_WARN_OBJC_IMPLICIT_RETAIN_SELF = YES;
				CLANG_WARN_OBJC_LITERAL_CONVERSION = YES;
				CLANG_WARN_OBJC_ROOT_CLASS = YES_ERROR;
				CLANG_WARN_QUOTED_INCLUDE_IN_FRAMEWORK_HEADER = YES;
				CLANG_WARN_RANGE_LOOP_ANALYSIS = YES;
				CLANG_WARN_STRICT_PROTOTYPES = YES;
				CLANG_WARN_SUSPICIOUS_MOVE = YES;
				CLANG_WARN_UNGUARDED_AVAILABILITY = YES_AGGRESSIVE;
				CLANG_WARN_UNREACHABLE_CODE = YES;
				CLANG_WARN__DUPLICATE_METHOD_MATCH = YES;
				COPY_PHASE_STRIP = NO;
				DEBUG_INFORMATION_FORMAT = dwarf;
				ENABLE_STRICT_OBJC_MSGSEND = YES;
				ENABLE_TESTABILITY = YES;
				GCC_C_LANGUAGE_STANDARD = gnu11;
				GCC_DYNAMIC_NO_PIC = NO;
				GCC_NO_COMMON_BLOCKS = YES;
				GCC_OPTIMIZATION_LEVEL = 0;
				GCC_PREPROCESSOR_DEFINITIONS = (
					"DEBUG=1",
					"$(inherited)",
				);
				GCC_WARN_64_TO_32_BIT_CONVERSION = YES;
				GCC_WARN_ABOUT_RETURN_TYPE = YES_ERROR;
				GCC_WARN_UNDECLARED_SELECTOR = YES;
				GCC_WARN_UNINITIALIZED_AUTOS = YES_AGGRESSIVE;
				GCC_WARN_UNUSED_FUNCTION = YES;
				GCC_WARN_UNUSED_VARIABLE = YES;
				IPHONEOS_DEPLOYMENT_TARGET = 14.0;
				MTL_ENABLE_DEBUG_INFO = INCLUDE_SOURCE;
				MTL_FAST_MATH = YES;
				ONLY_ACTIVE_ARCH = YES;
				SDKROOT = iphoneos;
				SWIFT_ACTIVE_COMPILATION_CONDITIONS = DEBUG;
				SWIFT_OPTIMIZATION_LEVEL = "-Onone";
			};
			name = Debug;
		};
		09D275322825B4B800933F16 /* Release */ = {
			isa = XCBuildConfiguration;
			buildSettings = {
				ALWAYS_SEARCH_USER_PATHS = NO;
				CLANG_ANALYZER_NONNULL = YES;
				CLANG_ANALYZER_NUMBER_OBJECT_CONVERSION = YES_AGGRESSIVE;
				CLANG_CXX_LANGUAGE_STANDARD = "gnu++17";
				CLANG_ENABLE_MODULES = YES;
				CLANG_ENABLE_OBJC_ARC = YES;
				CLANG_ENABLE_OBJC_WEAK = YES;
				CLANG_WARN_BLOCK_CAPTURE_AUTORELEASING = YES;
				CLANG_WARN_BOOL_CONVERSION = YES;
				CLANG_WARN_COMMA = YES;
				CLANG_WARN_CONSTANT_CONVERSION = YES;
				CLANG_WARN_DEPRECATED_OBJC_IMPLEMENTATIONS = YES;
				CLANG_WARN_DIRECT_OBJC_ISA_USAGE = YES_ERROR;
				CLANG_WARN_DOCUMENTATION_COMMENTS = YES;
				CLANG_WARN_EMPTY_BODY = YES;
				CLANG_WARN_ENUM_CONVERSION = YES;
				CLANG_WARN_INFINITE_RECURSION = YES;
				CLANG_WARN_INT_CONVERSION = YES;
				CLANG_WARN_NON_LITERAL_NULL_CONVERSION = YES;
				CLANG_WARN_OBJC_IMPLICIT_RETAIN_SELF = YES;
				CLANG_WARN_OBJC_LITERAL_CONVERSION = YES;
				CLANG_WARN_OBJC_ROOT_CLASS = YES_ERROR;
				CLANG_WARN_QUOTED_INCLUDE_IN_FRAMEWORK_HEADER = YES;
				CLANG_WARN_RANGE_LOOP_ANALYSIS = YES;
				CLANG_WARN_STRICT_PROTOTYPES = YES;
				CLANG_WARN_SUSPICIOUS_MOVE = YES;
				CLANG_WARN_UNGUARDED_AVAILABILITY = YES_AGGRESSIVE;
				CLANG_WARN_UNREACHABLE_CODE = YES;
				CLANG_WARN__DUPLICATE_METHOD_MATCH = YES;
				COPY_PHASE_STRIP = NO;
				DEBUG_INFORMATION_FORMAT = "dwarf-with-dsym";
				ENABLE_NS_ASSERTIONS = NO;
				ENABLE_STRICT_OBJC_MSGSEND = YES;
				GCC_C_LANGUAGE_STANDARD = gnu11;
				GCC_NO_COMMON_BLOCKS = YES;
				GCC_WARN_64_TO_32_BIT_CONVERSION = YES;
				GCC_WARN_ABOUT_RETURN_TYPE = YES_ERROR;
				GCC_WARN_UNDECLARED_SELECTOR = YES;
				GCC_WARN_UNINITIALIZED_AUTOS = YES_AGGRESSIVE;
				GCC_WARN_UNUSED_FUNCTION = YES;
				GCC_WARN_UNUSED_VARIABLE = YES;
				IPHONEOS_DEPLOYMENT_TARGET = 14.0;
				MTL_ENABLE_DEBUG_INFO = NO;
				MTL_FAST_MATH = YES;
				SDKROOT = iphoneos;
				SWIFT_COMPILATION_MODE = wholemodule;
				SWIFT_OPTIMIZATION_LEVEL = "-O";
				VALIDATE_PRODUCT = YES;
			};
			name = Release;
		};
		09D275342825B4B800933F16 /* Debug */ = {
			isa = XCBuildConfiguration;
			buildSettings = {
				ASSETCATALOG_COMPILER_APPICON_NAME = AppIcon;
				ASSETCATALOG_COMPILER_GLOBAL_ACCENT_COLOR_NAME = AccentColor;
				CODE_SIGN_STYLE = Automatic;
				CURRENT_PROJECT_VERSION = 1;
				DEVELOPMENT_TEAM = 6JANY49CS9;
				GENERATE_INFOPLIST_FILE = YES;
				INFOPLIST_FILE = Manuscript/Resources/Info.plist;
				INFOPLIST_KEY_UIApplicationSupportsIndirectInputEvents = YES;
				INFOPLIST_KEY_UILaunchStoryboardName = LaunchScreen;
				INFOPLIST_KEY_UISupportedInterfaceOrientations_iPad = "UIInterfaceOrientationPortrait UIInterfaceOrientationPortraitUpsideDown UIInterfaceOrientationLandscapeLeft UIInterfaceOrientationLandscapeRight";
				INFOPLIST_KEY_UISupportedInterfaceOrientations_iPhone = "UIInterfaceOrientationPortrait UIInterfaceOrientationLandscapeLeft UIInterfaceOrientationLandscapeRight";
				LD_RUNPATH_SEARCH_PATHS = (
					"$(inherited)",
					"@executable_path/Frameworks",
				);
				MARKETING_VERSION = 1.0;
				PRODUCT_BUNDLE_IDENTIFIER = io.tigranes.Manuscript;
				PRODUCT_NAME = "$(TARGET_NAME)";
				SWIFT_EMIT_LOC_STRINGS = YES;
				SWIFT_VERSION = 5.0;
				TARGETED_DEVICE_FAMILY = 1;
			};
			name = Debug;
		};
		09D275352825B4B800933F16 /* Release */ = {
			isa = XCBuildConfiguration;
			buildSettings = {
				ASSETCATALOG_COMPILER_APPICON_NAME = AppIcon;
				ASSETCATALOG_COMPILER_GLOBAL_ACCENT_COLOR_NAME = AccentColor;
				CODE_SIGN_STYLE = Automatic;
				CURRENT_PROJECT_VERSION = 1;
				DEVELOPMENT_TEAM = 6JANY49CS9;
				GENERATE_INFOPLIST_FILE = YES;
				INFOPLIST_FILE = Manuscript/Resources/Info.plist;
				INFOPLIST_KEY_UIApplicationSupportsIndirectInputEvents = YES;
				INFOPLIST_KEY_UILaunchStoryboardName = LaunchScreen;
				INFOPLIST_KEY_UISupportedInterfaceOrientations_iPad = "UIInterfaceOrientationPortrait UIInterfaceOrientationPortraitUpsideDown UIInterfaceOrientationLandscapeLeft UIInterfaceOrientationLandscapeRight";
				INFOPLIST_KEY_UISupportedInterfaceOrientations_iPhone = "UIInterfaceOrientationPortrait UIInterfaceOrientationLandscapeLeft UIInterfaceOrientationLandscapeRight";
				LD_RUNPATH_SEARCH_PATHS = (
					"$(inherited)",
					"@executable_path/Frameworks",
				);
				MARKETING_VERSION = 1.0;
				PRODUCT_BUNDLE_IDENTIFIER = io.tigranes.Manuscript;
				PRODUCT_NAME = "$(TARGET_NAME)";
				SWIFT_EMIT_LOC_STRINGS = YES;
				SWIFT_VERSION = 5.0;
				TARGETED_DEVICE_FAMILY = 1;
			};
			name = Release;
		};
/* End XCBuildConfiguration section */

/* Begin XCConfigurationList section */
		09D2751A2825B4B800933F16 /* Build configuration list for PBXProject "Manuscript" */ = {
			isa = XCConfigurationList;
			buildConfigurations = (
				09D275312825B4B800933F16 /* Debug */,
				09D275322825B4B800933F16 /* Release */,
			);
			defaultConfigurationIsVisible = 0;
			defaultConfigurationName = Release;
		};
		09D275332825B4B800933F16 /* Build configuration list for PBXNativeTarget "Manuscript" */ = {
			isa = XCConfigurationList;
			buildConfigurations = (
				09D275342825B4B800933F16 /* Debug */,
				09D275352825B4B800933F16 /* Release */,
			);
			defaultConfigurationIsVisible = 0;
			defaultConfigurationName = Release;
		};
/* End XCConfigurationList section */
	};
	rootObject = 09D275172825B4B800933F16 /* Project object */;
}
